// !$*UTF8*$!
{
	archiveVersion = 1;
	classes = {
	};
	objectVersion = 50;
	objects = {

/* Begin PBXBuildFile section */
		9F7F457024B1C03E001787EB /* AppDelegate.swift in Sources */ = {isa = PBXBuildFile; fileRef = 9F7F456F24B1C03E001787EB /* AppDelegate.swift */; };
		9F7F457224B1C03E001787EB /* SceneDelegate.swift in Sources */ = {isa = PBXBuildFile; fileRef = 9F7F457124B1C03E001787EB /* SceneDelegate.swift */; };
		9F7F457424B1C03E001787EB /* ContentView.swift in Sources */ = {isa = PBXBuildFile; fileRef = 9F7F457324B1C03E001787EB /* ContentView.swift */; };
		9F7F457624B1C042001787EB /* Assets.xcassets in Resources */ = {isa = PBXBuildFile; fileRef = 9F7F457524B1C042001787EB /* Assets.xcassets */; };
		9F7F457924B1C042001787EB /* Preview Assets.xcassets in Resources */ = {isa = PBXBuildFile; fileRef = 9F7F457824B1C042001787EB /* Preview Assets.xcassets */; };
		9F7F457C24B1C042001787EB /* LaunchScreen.storyboard in Resources */ = {isa = PBXBuildFile; fileRef = 9F7F457A24B1C042001787EB /* LaunchScreen.storyboard */; };
		9F7F458524B1C418001787EB /* Pacifico-Regular.ttf in Resources */ = {isa = PBXBuildFile; fileRef = 9F7F458424B1C418001787EB /* Pacifico-Regular.ttf */; };
		9F7F458724B1D8C7001787EB /* InfoView.swift in Sources */ = {isa = PBXBuildFile; fileRef = 9F7F458624B1D8C7001787EB /* InfoView.swift */; };
/* End PBXBuildFile section */

/* Begin PBXFileReference section */
		9F7F456C24B1C03E001787EB /* AlexCard.app */ = {isa = PBXFileReference; explicitFileType = wrapper.application; includeInIndex = 0; path = AlexCard.app; sourceTree = BUILT_PRODUCTS_DIR; };
		9F7F456F24B1C03E001787EB /* AppDelegate.swift */ = {isa = PBXFileReference; lastKnownFileType = sourcecode.swift; path = AppDelegate.swift; sourceTree = "<group>"; };
		9F7F457124B1C03E001787EB /* SceneDelegate.swift */ = {isa = PBXFileReference; lastKnownFileType = sourcecode.swift; path = SceneDelegate.swift; sourceTree = "<group>"; };
		9F7F457324B1C03E001787EB /* ContentView.swift */ = {isa = PBXFileReference; lastKnownFileType = sourcecode.swift; path = ContentView.swift; sourceTree = "<group>"; };
		9F7F457524B1C042001787EB /* Assets.xcassets */ = {isa = PBXFileReference; lastKnownFileType = folder.assetcatalog; path = Assets.xcassets; sourceTree = "<group>"; };
		9F7F457824B1C042001787EB /* Preview Assets.xcassets */ = {isa = PBXFileReference; lastKnownFileType = folder.assetcatalog; path = "Preview Assets.xcassets"; sourceTree = "<group>"; };
		9F7F457B24B1C042001787EB /* Base */ = {isa = PBXFileReference; lastKnownFileType = file.storyboard; name = Base; path = Base.lproj/LaunchScreen.storyboard; sourceTree = "<group>"; };
		9F7F457D24B1C042001787EB /* Info.plist */ = {isa = PBXFileReference; lastKnownFileType = text.plist.xml; path = Info.plist; sourceTree = "<group>"; };
		9F7F458424B1C418001787EB /* Pacifico-Regular.ttf */ = {isa = PBXFileReference; lastKnownFileType = file; path = "Pacifico-Regular.ttf"; sourceTree = "<group>"; };
		9F7F458624B1D8C7001787EB /* InfoView.swift */ = {isa = PBXFileReference; lastKnownFileType = sourcecode.swift; path = InfoView.swift; sourceTree = "<group>"; };
/* End PBXFileReference section */

/* Begin PBXFrameworksBuildPhase section */
		9F7F456924B1C03E001787EB /* Frameworks */ = {
			isa = PBXFrameworksBuildPhase;
			buildActionMask = 2147483647;
			files = (
			);
			runOnlyForDeploymentPostprocessing = 0;
		};
/* End PBXFrameworksBuildPhase section */

/* Begin PBXGroup section */
		9F7F456324B1C03E001787EB = {
			isa = PBXGroup;
			children = (
				9F7F456E24B1C03E001787EB /* AlexCard */,
				9F7F456D24B1C03E001787EB /* Products */,
			);
			sourceTree = "<group>";
		};
		9F7F456D24B1C03E001787EB /* Products */ = {
			isa = PBXGroup;
			children = (
				9F7F456C24B1C03E001787EB /* AlexCard.app */,
			);
			name = Products;
			sourceTree = "<group>";
		};
		9F7F456E24B1C03E001787EB /* AlexCard */ = {
			isa = PBXGroup;
			children = (
				9F7F458324B1C3FD001787EB /* Fonts */,
				9F7F456F24B1C03E001787EB /* AppDelegate.swift */,
				9F7F457124B1C03E001787EB /* SceneDelegate.swift */,
				9F7F457324B1C03E001787EB /* ContentView.swift */,
				9F7F458624B1D8C7001787EB /* InfoView.swift */,
				9F7F457524B1C042001787EB /* Assets.xcassets */,
				9F7F457A24B1C042001787EB /* LaunchScreen.storyboard */,
				9F7F457D24B1C042001787EB /* Info.plist */,
				9F7F457724B1C042001787EB /* Preview Content */,
			);
			path = AlexCard;
			sourceTree = "<group>";
		};
		9F7F457724B1C042001787EB /* Preview Content */ = {
			isa = PBXGroup;
			children = (
				9F7F457824B1C042001787EB /* Preview Assets.xcassets */,
			);
			path = "Preview Content";
			sourceTree = "<group>";
		};
		9F7F458324B1C3FD001787EB /* Fonts */ = {
			isa = PBXGroup;
			children = (
				9F7F458424B1C418001787EB /* Pacifico-Regular.ttf */,
			);
			path = Fonts;
			sourceTree = "<group>";
		};
/* End PBXGroup section */

/* Begin PBXNativeTarget section */
		9F7F456B24B1C03E001787EB /* AlexCard */ = {
			isa = PBXNativeTarget;
			buildConfigurationList = 9F7F458024B1C042001787EB /* Build configuration list for PBXNativeTarget "AlexCard" */;
			buildPhases = (
				9F7F456824B1C03E001787EB /* Sources */,
				9F7F456924B1C03E001787EB /* Frameworks */,
				9F7F456A24B1C03E001787EB /* Resources */,
			);
			buildRules = (
			);
			dependencies = (
			);
			name = AlexCard;
			productName = AlexCard;
			productReference = 9F7F456C24B1C03E001787EB /* AlexCard.app */;
			productType = "com.apple.product-type.application";
		};
/* End PBXNativeTarget section */

/* Begin PBXProject section */
		9F7F456424B1C03E001787EB /* Project object */ = {
			isa = PBXProject;
			attributes = {
				LastSwiftUpdateCheck = 1150;
				LastUpgradeCheck = 1150;
				ORGANIZATIONNAME = "Александр Воробьев";
				TargetAttributes = {
					9F7F456B24B1C03E001787EB = {
						CreatedOnToolsVersion = 11.5;
					};
				};
			};
			buildConfigurationList = 9F7F456724B1C03E001787EB /* Build configuration list for PBXProject "AlexCard" */;
			compatibilityVersion = "Xcode 9.3";
			developmentRegion = en;
			hasScannedForEncodings = 0;
			knownRegions = (
				en,
				Base,
			);
			mainGroup = 9F7F456324B1C03E001787EB;
			productRefGroup = 9F7F456D24B1C03E001787EB /* Products */;
			projectDirPath = "";
			projectRoot = "";
			targets = (
				9F7F456B24B1C03E001787EB /* AlexCard */,
			);
		};
/* End PBXProject section */

/* Begin PBXResourcesBuildPhase section */
		9F7F456A24B1C03E001787EB /* Resources */ = {
			isa = PBXResourcesBuildPhase;
			buildActionMask = 2147483647;
			files = (
				9F7F457C24B1C042001787EB /* LaunchScreen.storyboard in Resources */,
				9F7F458524B1C418001787EB /* Pacifico-Regular.ttf in Resources */,
				9F7F457924B1C042001787EB /* Preview Assets.xcassets in Resources */,
				9F7F457624B1C042001787EB /* Assets.xcassets in Resources */,
			);
			runOnlyForDeploymentPostprocessing = 0;
		};
/* End PBXResourcesBuildPhase section */

/* Begin PBXSourcesBuildPhase section */
		9F7F456824B1C03E001787EB /* Sources */ = {
			isa = PBXSourcesBuildPhase;
			buildActionMask = 2147483647;
			files = (
				9F7F458724B1D8C7001787EB /* InfoView.swift in Sources */,
				9F7F457024B1C03E001787EB /* AppDelegate.swift in Sources */,
				9F7F457224B1C03E001787EB /* SceneDelegate.swift in Sources */,
				9F7F457424B1C03E001787EB /* ContentView.swift in Sources */,
			);
			runOnlyForDeploymentPostprocessing = 0;
		};
/* End PBXSourcesBuildPhase section */

/* Begin PBXVariantGroup section */
		9F7F457A24B1C042001787EB /* LaunchScreen.storyboard */ = {
			isa = PBXVariantGroup;
			children = (
				9F7F457B24B1C042001787EB /* Base */,
			);
			name = LaunchScreen.storyboard;
			sourceTree = "<group>";
		};
/* End PBXVariantGroup section */

/* Begin XCBuildConfiguration section */
		9F7F457E24B1C042001787EB /* Debug */ = {
			isa = XCBuildConfiguration;
			buildSettings = {
				ALWAYS_SEARCH_USER_PATHS = NO;
				CLANG_ANALYZER_NONNULL = YES;
				CLANG_ANALYZER_NUMBER_OBJECT_CONVERSION = YES_AGGRESSIVE;
				CLANG_CXX_LANGUAGE_STANDARD = "gnu++14";
				CLANG_CXX_LIBRARY = "libc++";
				CLANG_ENABLE_MODULES = YES;
				CLANG_ENABLE_OBJC_ARC = YES;
				CLANG_ENABLE_OBJC_WEAK = YES;
				CLANG_WARN_BLOCK_CAPTURE_AUTORELEASING = YES;
				CLANG_WARN_BOOL_CONVERSION = YES;
				CLANG_WARN_COMMA = YES;
				CLANG_WARN_CONSTANT_CONVERSION = YES;
				CLANG_WARN_DEPRECATED_OBJC_IMPLEMENTATIONS = YES;
				CLANG_WARN_DIRECT_OBJC_ISA_USAGE = YES_ERROR;
				CLANG_WARN_DOCUMENTATION_COMMENTS = YES;
				CLANG_WARN_EMPTY_BODY = YES;
				CLANG_WARN_ENUM_CONVERSION = YES;
				CLANG_WARN_INFINITE_RECURSION = YES;
				CLANG_WARN_INT_CONVERSION = YES;
				CLANG_WARN_NON_LITERAL_NULL_CONVERSION = YES;
				CLANG_WARN_OBJC_IMPLICIT_RETAIN_SELF = YES;
				CLANG_WARN_OBJC_LITERAL_CONVERSION = YES;
				CLANG_WARN_OBJC_ROOT_CLASS = YES_ERROR;
				CLANG_WARN_RANGE_LOOP_ANALYSIS = YES;
				CLANG_WARN_STRICT_PROTOTYPES = YES;
				CLANG_WARN_SUSPICIOUS_MOVE = YES;
				CLANG_WARN_UNGUARDED_AVAILABILITY = YES_AGGRESSIVE;
				CLANG_WARN_UNREACHABLE_CODE = YES;
				CLANG_WARN__DUPLICATE_METHOD_MATCH = YES;
				COPY_PHASE_STRIP = NO;
				DEBUG_INFORMATION_FORMAT = dwarf;
				ENABLE_STRICT_OBJC_MSGSEND = YES;
				ENABLE_TESTABILITY = YES;
				GCC_C_LANGUAGE_STANDARD = gnu11;
				GCC_DYNAMIC_NO_PIC = NO;
				GCC_NO_COMMON_BLOCKS = YES;
				GCC_OPTIMIZATION_LEVEL = 0;
				GCC_PREPROCESSOR_DEFINITIONS = (
					"DEBUG=1",
					"$(inherited)",
				);
				GCC_WARN_64_TO_32_BIT_CONVERSION = YES;
				GCC_WARN_ABOUT_RETURN_TYPE = YES_ERROR;
				GCC_WARN_UNDECLARED_SELECTOR = YES;
				GCC_WARN_UNINITIALIZED_AUTOS = YES_AGGRESSIVE;
				GCC_WARN_UNUSED_FUNCTION = YES;
				GCC_WARN_UNUSED_VARIABLE = YES;
				IPHONEOS_DEPLOYMENT_TARGET = 13.5;
				MTL_ENABLE_DEBUG_INFO = INCLUDE_SOURCE;
				MTL_FAST_MATH = YES;
				ONLY_ACTIVE_ARCH = YES;
				SDKROOT = iphoneos;
				SWIFT_ACTIVE_COMPILATION_CONDITIONS = DEBUG;
				SWIFT_OPTIMIZATION_LEVEL = "-Onone";
			};
			name = Debug;
		};
		9F7F457F24B1C042001787EB /* Release */ = {
			isa = XCBuildConfiguration;
			buildSettings = {
				ALWAYS_SEARCH_USER_PATHS = NO;
				CLANG_ANALYZER_NONNULL = YES;
				CLANG_ANALYZER_NUMBER_OBJECT_CONVERSION = YES_AGGRESSIVE;
				CLANG_CXX_LANGUAGE_STANDARD = "gnu++14";
				CLANG_CXX_LIBRARY = "libc++";
				CLANG_ENABLE_MODULES = YES;
				CLANG_ENABLE_OBJC_ARC = YES;
				CLANG_ENABLE_OBJC_WEAK = YES;
				CLANG_WARN_BLOCK_CAPTURE_AUTORELEASING = YES;
				CLANG_WARN_BOOL_CONVERSION = YES;
				CLANG_WARN_COMMA = YES;
				CLANG_WARN_CONSTANT_CONVERSION = YES;
				CLANG_WARN_DEPRECATED_OBJC_IMPLEMENTATIONS = YES;
				CLANG_WARN_DIRECT_OBJC_ISA_USAGE = YES_ERROR;
				CLANG_WARN_DOCUMENTATION_COMMENTS = YES;
				CLANG_WARN_EMPTY_BODY = YES;
				CLANG_WARN_ENUM_CONVERSION = YES;
				CLANG_WARN_INFINITE_RECURSION = YES;
				CLANG_WARN_INT_CONVERSION = YES;
				CLANG_WARN_NON_LITERAL_NULL_CONVERSION = YES;
				CLANG_WARN_OBJC_IMPLICIT_RETAIN_SELF = YES;
				CLANG_WARN_OBJC_LITERAL_CONVERSION = YES;
				CLANG_WARN_OBJC_ROOT_CLASS = YES_ERROR;
				CLANG_WARN_RANGE_LOOP_ANALYSIS = YES;
				CLANG_WARN_STRICT_PROTOTYPES = YES;
				CLANG_WARN_SUSPICIOUS_MOVE = YES;
				CLANG_WARN_UNGUARDED_AVAILABILITY = YES_AGGRESSIVE;
				CLANG_WARN_UNREACHABLE_CODE = YES;
				CLANG_WARN__DUPLICATE_METHOD_MATCH = YES;
				COPY_PHASE_STRIP = NO;
				DEBUG_INFORMATION_FORMAT = "dwarf-with-dsym";
				ENABLE_NS_ASSERTIONS = NO;
				ENABLE_STRICT_OBJC_MSGSEND = YES;
				GCC_C_LANGUAGE_STANDARD = gnu11;
				GCC_NO_COMMON_BLOCKS = YES;
				GCC_WARN_64_TO_32_BIT_CONVERSION = YES;
				GCC_WARN_ABOUT_RETURN_TYPE = YES_ERROR;
				GCC_WARN_UNDECLARED_SELECTOR = YES;
				GCC_WARN_UNINITIALIZED_AUTOS = YES_AGGRESSIVE;
				GCC_WARN_UNUSED_FUNCTION = YES;
				GCC_WARN_UNUSED_VARIABLE = YES;
				IPHONEOS_DEPLOYMENT_TARGET = 13.5;
				MTL_ENABLE_DEBUG_INFO = NO;
				MTL_FAST_MATH = YES;
				SDKROOT = iphoneos;
				SWIFT_COMPILATION_MODE = wholemodule;
				SWIFT_OPTIMIZATION_LEVEL = "-O";
				VALIDATE_PRODUCT = YES;
			};
			name = Release;
		};
		9F7F458124B1C042001787EB /* Debug */ = {
			isa = XCBuildConfiguration;
			buildSettings = {
				ASSETCATALOG_COMPILER_APPICON_NAME = AppIcon;
				CODE_SIGN_STYLE = Automatic;
				DEVELOPMENT_ASSET_PATHS = "\"AlexCard/Preview Content\"";
				DEVELOPMENT_TEAM = R89YUVSKU6;
				ENABLE_PREVIEWS = YES;
				INFOPLIST_FILE = AlexCard/Info.plist;
				LD_RUNPATH_SEARCH_PATHS = (
					"$(inherited)",
					"@executable_path/Frameworks",
				);
				PRODUCT_BUNDLE_IDENTIFIER = com.mosariot.AlexCard;
				PRODUCT_NAME = "$(TARGET_NAME)";
				SWIFT_VERSION = 5.0;
				TARGETED_DEVICE_FAMILY = "1,2";
			};
			name = Debug;
		};
		9F7F458224B1C042001787EB /* Release */ = {
			isa = XCBuildConfiguration;
			buildSettings = {
				ASSETCATALOG_COMPILER_APPICON_NAME = AppIcon;
				CODE_SIGN_STYLE = Automatic;
				DEVELOPMENT_ASSET_PATHS = "\"AlexCard/Preview Content\"";
				DEVELOPMENT_TEAM = R89YUVSKU6;
				ENABLE_PREVIEWS = YES;
				INFOPLIST_FILE = AlexCard/Info.plist;
				LD_RUNPATH_SEARCH_PATHS = (
					"$(inherited)",
					"@executable_path/Frameworks",
				);
				PRODUCT_BUNDLE_IDENTIFIER = com.mosariot.AlexCard;
				PRODUCT_NAME = "$(TARGET_NAME)";
				SWIFT_VERSION = 5.0;
				TARGETED_DEVICE_FAMILY = "1,2";
			};
			name = Release;
		};
/* End XCBuildConfiguration section */

/* Begin XCConfigurationList section */
		9F7F456724B1C03E001787EB /* Build configuration list for PBXProject "AlexCard" */ = {
			isa = XCConfigurationList;
			buildConfigurations = (
				9F7F457E24B1C042001787EB /* Debug */,
				9F7F457F24B1C042001787EB /* Release */,
			);
			defaultConfigurationIsVisible = 0;
			defaultConfigurationName = Release;
		};
		9F7F458024B1C042001787EB /* Build configuration list for PBXNativeTarget "AlexCard" */ = {
			isa = XCConfigurationList;
			buildConfigurations = (
				9F7F458124B1C042001787EB /* Debug */,
				9F7F458224B1C042001787EB /* Release */,
			);
			defaultConfigurationIsVisible = 0;
			defaultConfigurationName = Release;
		};
/* End XCConfigurationList section */
	};
	rootObject = 9F7F456424B1C03E001787EB /* Project object */;
}
