// !$*UTF8*$!
{
	archiveVersion = 1;
	classes = {
	};
	objectVersion = 50;
	objects = {

/* Begin PBXBuildFile section */
		9F7F45B524B1EA19001787EB /* AppDelegate.swift in Sources */ = {isa = PBXBuildFile; fileRef = 9F7F45B424B1EA19001787EB /* AppDelegate.swift */; };
		9F7F45B724B1EA19001787EB /* SceneDelegate.swift in Sources */ = {isa = PBXBuildFile; fileRef = 9F7F45B624B1EA19001787EB /* SceneDelegate.swift */; };
		9F7F45B924B1EA19001787EB /* ContentView.swift in Sources */ = {isa = PBXBuildFile; fileRef = 9F7F45B824B1EA19001787EB /* ContentView.swift */; };
		9F7F45BB24B1EA1C001787EB /* Assets.xcassets in Resources */ = {isa = PBXBuildFile; fileRef = 9F7F45BA24B1EA1C001787EB /* Assets.xcassets */; };
		9F7F45BE24B1EA1C001787EB /* Preview Assets.xcassets in Resources */ = {isa = PBXBuildFile; fileRef = 9F7F45BD24B1EA1C001787EB /* Preview Assets.xcassets */; };
		9F7F45C124B1EA1C001787EB /* LaunchScreen.storyboard in Resources */ = {isa = PBXBuildFile; fileRef = 9F7F45BF24B1EA1C001787EB /* LaunchScreen.storyboard */; };
		9F7F45CA24B394AD001787EB /* NetworkManager.swift in Sources */ = {isa = PBXBuildFile; fileRef = 9F7F45C924B394AD001787EB /* NetworkManager.swift */; };
		9F7F45CC24B395B0001787EB /* PostData.swift in Sources */ = {isa = PBXBuildFile; fileRef = 9F7F45CB24B395B0001787EB /* PostData.swift */; };
		9F7F45CF24B3AC9A001787EB /* DetailView.swift in Sources */ = {isa = PBXBuildFile; fileRef = 9F7F45CE24B3AC9A001787EB /* DetailView.swift */; };
		9F7F45D124B3B73F001787EB /* WebView.swift in Sources */ = {isa = PBXBuildFile; fileRef = 9F7F45D024B3B73F001787EB /* WebView.swift */; };
/* End PBXBuildFile section */

/* Begin PBXFileReference section */
		9F7F45B124B1EA19001787EB /* HackerNews.app */ = {isa = PBXFileReference; explicitFileType = wrapper.application; includeInIndex = 0; path = HackerNews.app; sourceTree = BUILT_PRODUCTS_DIR; };
		9F7F45B424B1EA19001787EB /* AppDelegate.swift */ = {isa = PBXFileReference; lastKnownFileType = sourcecode.swift; path = AppDelegate.swift; sourceTree = "<group>"; };
		9F7F45B624B1EA19001787EB /* SceneDelegate.swift */ = {isa = PBXFileReference; lastKnownFileType = sourcecode.swift; path = SceneDelegate.swift; sourceTree = "<group>"; };
		9F7F45B824B1EA19001787EB /* ContentView.swift */ = {isa = PBXFileReference; lastKnownFileType = sourcecode.swift; path = ContentView.swift; sourceTree = "<group>"; };
		9F7F45BA24B1EA1C001787EB /* Assets.xcassets */ = {isa = PBXFileReference; lastKnownFileType = folder.assetcatalog; path = Assets.xcassets; sourceTree = "<group>"; };
		9F7F45BD24B1EA1C001787EB /* Preview Assets.xcassets */ = {isa = PBXFileReference; lastKnownFileType = folder.assetcatalog; path = "Preview Assets.xcassets"; sourceTree = "<group>"; };
		9F7F45C024B1EA1C001787EB /* Base */ = {isa = PBXFileReference; lastKnownFileType = file.storyboard; name = Base; path = Base.lproj/LaunchScreen.storyboard; sourceTree = "<group>"; };
		9F7F45C224B1EA1C001787EB /* Info.plist */ = {isa = PBXFileReference; lastKnownFileType = text.plist.xml; path = Info.plist; sourceTree = "<group>"; };
		9F7F45C924B394AD001787EB /* NetworkManager.swift */ = {isa = PBXFileReference; lastKnownFileType = sourcecode.swift; path = NetworkManager.swift; sourceTree = "<group>"; };
		9F7F45CB24B395B0001787EB /* PostData.swift */ = {isa = PBXFileReference; lastKnownFileType = sourcecode.swift; path = PostData.swift; sourceTree = "<group>"; };
		9F7F45CE24B3AC9A001787EB /* DetailView.swift */ = {isa = PBXFileReference; lastKnownFileType = sourcecode.swift; path = DetailView.swift; sourceTree = "<group>"; };
		9F7F45D024B3B73F001787EB /* WebView.swift */ = {isa = PBXFileReference; lastKnownFileType = sourcecode.swift; path = WebView.swift; sourceTree = "<group>"; };
		9F7F45D224B3BB52001787EB /* HackerNews.entitlements */ = {isa = PBXFileReference; lastKnownFileType = text.plist.entitlements; path = HackerNews.entitlements; sourceTree = "<group>"; };
/* End PBXFileReference section */

/* Begin PBXFrameworksBuildPhase section */
		9F7F45AE24B1EA19001787EB /* Frameworks */ = {
			isa = PBXFrameworksBuildPhase;
			buildActionMask = 2147483647;
			files = (
			);
			runOnlyForDeploymentPostprocessing = 0;
		};
/* End PBXFrameworksBuildPhase section */

/* Begin PBXGroup section */
		9F7F45A824B1EA19001787EB = {
			isa = PBXGroup;
			children = (
				9F7F45B324B1EA19001787EB /* HackerNews */,
				9F7F45B224B1EA19001787EB /* Products */,
			);
			sourceTree = "<group>";
		};
		9F7F45B224B1EA19001787EB /* Products */ = {
			isa = PBXGroup;
			children = (
				9F7F45B124B1EA19001787EB /* HackerNews.app */,
			);
			name = Products;
			sourceTree = "<group>";
		};
		9F7F45B324B1EA19001787EB /* HackerNews */ = {
			isa = PBXGroup;
			children = (
				9F7F45D224B3BB52001787EB /* HackerNews.entitlements */,
				9F7F45B424B1EA19001787EB /* AppDelegate.swift */,
				9F7F45B624B1EA19001787EB /* SceneDelegate.swift */,
				9F7F45CD24B3AC83001787EB /* Views */,
				9F7F45C824B39492001787EB /* Models */,
				9F7F45BA24B1EA1C001787EB /* Assets.xcassets */,
				9F7F45BF24B1EA1C001787EB /* LaunchScreen.storyboard */,
				9F7F45C224B1EA1C001787EB /* Info.plist */,
				9F7F45BC24B1EA1C001787EB /* Preview Content */,
			);
			path = HackerNews;
			sourceTree = "<group>";
		};
		9F7F45BC24B1EA1C001787EB /* Preview Content */ = {
			isa = PBXGroup;
			children = (
				9F7F45BD24B1EA1C001787EB /* Preview Assets.xcassets */,
			);
			path = "Preview Content";
			sourceTree = "<group>";
		};
		9F7F45C824B39492001787EB /* Models */ = {
			isa = PBXGroup;
			children = (
				9F7F45C924B394AD001787EB /* NetworkManager.swift */,
				9F7F45CB24B395B0001787EB /* PostData.swift */,
			);
			path = Models;
			sourceTree = "<group>";
		};
		9F7F45CD24B3AC83001787EB /* Views */ = {
			isa = PBXGroup;
			children = (
				9F7F45B824B1EA19001787EB /* ContentView.swift */,
				9F7F45CE24B3AC9A001787EB /* DetailView.swift */,
				9F7F45D024B3B73F001787EB /* WebView.swift */,
			);
			path = Views;
			sourceTree = "<group>";
		};
/* End PBXGroup section */

/* Begin PBXNativeTarget section */
		9F7F45B024B1EA19001787EB /* HackerNews */ = {
			isa = PBXNativeTarget;
			buildConfigurationList = 9F7F45C524B1EA1C001787EB /* Build configuration list for PBXNativeTarget "HackerNews" */;
			buildPhases = (
				9F7F45AD24B1EA19001787EB /* Sources */,
				9F7F45AE24B1EA19001787EB /* Frameworks */,
				9F7F45AF24B1EA19001787EB /* Resources */,
			);
			buildRules = (
			);
			dependencies = (
			);
			name = HackerNews;
			productName = HackerNews;
			productReference = 9F7F45B124B1EA19001787EB /* HackerNews.app */;
			productType = "com.apple.product-type.application";
		};
/* End PBXNativeTarget section */

/* Begin PBXProject section */
		9F7F45A924B1EA19001787EB /* Project object */ = {
			isa = PBXProject;
			attributes = {
				LastSwiftUpdateCheck = 1150;
				LastUpgradeCheck = 1150;
				ORGANIZATIONNAME = "Александр Воробьев";
				TargetAttributes = {
					9F7F45B024B1EA19001787EB = {
						CreatedOnToolsVersion = 11.5;
					};
				};
			};
			buildConfigurationList = 9F7F45AC24B1EA19001787EB /* Build configuration list for PBXProject "HackerNews" */;
			compatibilityVersion = "Xcode 9.3";
			developmentRegion = en;
			hasScannedForEncodings = 0;
			knownRegions = (
				en,
				Base,
			);
			mainGroup = 9F7F45A824B1EA19001787EB;
			productRefGroup = 9F7F45B224B1EA19001787EB /* Products */;
			projectDirPath = "";
			projectRoot = "";
			targets = (
				9F7F45B024B1EA19001787EB /* HackerNews */,
			);
		};
/* End PBXProject section */

/* Begin PBXResourcesBuildPhase section */
		9F7F45AF24B1EA19001787EB /* Resources */ = {
			isa = PBXResourcesBuildPhase;
			buildActionMask = 2147483647;
			files = (
				9F7F45C124B1EA1C001787EB /* LaunchScreen.storyboard in Resources */,
				9F7F45BE24B1EA1C001787EB /* Preview Assets.xcassets in Resources */,
				9F7F45BB24B1EA1C001787EB /* Assets.xcassets in Resources */,
			);
			runOnlyForDeploymentPostprocessing = 0;
		};
/* End PBXResourcesBuildPhase section */

/* Begin PBXSourcesBuildPhase section */
		9F7F45AD24B1EA19001787EB /* Sources */ = {
			isa = PBXSourcesBuildPhase;
			buildActionMask = 2147483647;
			files = (
				9F7F45CC24B395B0001787EB /* PostData.swift in Sources */,
				9F7F45CF24B3AC9A001787EB /* DetailView.swift in Sources */,
				9F7F45CA24B394AD001787EB /* NetworkManager.swift in Sources */,
				9F7F45B524B1EA19001787EB /* AppDelegate.swift in Sources */,
				9F7F45B724B1EA19001787EB /* SceneDelegate.swift in Sources */,
				9F7F45B924B1EA19001787EB /* ContentView.swift in Sources */,
				9F7F45D124B3B73F001787EB /* WebView.swift in Sources */,
			);
			runOnlyForDeploymentPostprocessing = 0;
		};
/* End PBXSourcesBuildPhase section */

/* Begin PBXVariantGroup section */
		9F7F45BF24B1EA1C001787EB /* LaunchScreen.storyboard */ = {
			isa = PBXVariantGroup;
			children = (
				9F7F45C024B1EA1C001787EB /* Base */,
			);
			name = LaunchScreen.storyboard;
			sourceTree = "<group>";
		};
/* End PBXVariantGroup section */

/* Begin XCBuildConfiguration section */
		9F7F45C324B1EA1C001787EB /* Debug */ = {
			isa = XCBuildConfiguration;
			buildSettings = {
				ALWAYS_SEARCH_USER_PATHS = NO;
				CLANG_ANALYZER_NONNULL = YES;
				CLANG_ANALYZER_NUMBER_OBJECT_CONVERSION = YES_AGGRESSIVE;
				CLANG_CXX_LANGUAGE_STANDARD = "gnu++14";
				CLANG_CXX_LIBRARY = "libc++";
				CLANG_ENABLE_MODULES = YES;
				CLANG_ENABLE_OBJC_ARC = YES;
				CLANG_ENABLE_OBJC_WEAK = YES;
				CLANG_WARN_BLOCK_CAPTURE_AUTORELEASING = YES;
				CLANG_WARN_BOOL_CONVERSION = YES;
				CLANG_WARN_COMMA = YES;
				CLANG_WARN_CONSTANT_CONVERSION = YES;
				CLANG_WARN_DEPRECATED_OBJC_IMPLEMENTATIONS = YES;
				CLANG_WARN_DIRECT_OBJC_ISA_USAGE = YES_ERROR;
				CLANG_WARN_DOCUMENTATION_COMMENTS = YES;
				CLANG_WARN_EMPTY_BODY = YES;
				CLANG_WARN_ENUM_CONVERSION = YES;
				CLANG_WARN_INFINITE_RECURSION = YES;
				CLANG_WARN_INT_CONVERSION = YES;
				CLANG_WARN_NON_LITERAL_NULL_CONVERSION = YES;
				CLANG_WARN_OBJC_IMPLICIT_RETAIN_SELF = YES;
				CLANG_WARN_OBJC_LITERAL_CONVERSION = YES;
				CLANG_WARN_OBJC_ROOT_CLASS = YES_ERROR;
				CLANG_WARN_RANGE_LOOP_ANALYSIS = YES;
				CLANG_WARN_STRICT_PROTOTYPES = YES;
				CLANG_WARN_SUSPICIOUS_MOVE = YES;
				CLANG_WARN_UNGUARDED_AVAILABILITY = YES_AGGRESSIVE;
				CLANG_WARN_UNREACHABLE_CODE = YES;
				CLANG_WARN__DUPLICATE_METHOD_MATCH = YES;
				COPY_PHASE_STRIP = NO;
				DEBUG_INFORMATION_FORMAT = dwarf;
				ENABLE_STRICT_OBJC_MSGSEND = YES;
				ENABLE_TESTABILITY = YES;
				GCC_C_LANGUAGE_STANDARD = gnu11;
				GCC_DYNAMIC_NO_PIC = NO;
				GCC_NO_COMMON_BLOCKS = YES;
				GCC_OPTIMIZATION_LEVEL = 0;
				GCC_PREPROCESSOR_DEFINITIONS = (
					"DEBUG=1",
					"$(inherited)",
				);
				GCC_WARN_64_TO_32_BIT_CONVERSION = YES;
				GCC_WARN_ABOUT_RETURN_TYPE = YES_ERROR;
				GCC_WARN_UNDECLARED_SELECTOR = YES;
				GCC_WARN_UNINITIALIZED_AUTOS = YES_AGGRESSIVE;
				GCC_WARN_UNUSED_FUNCTION = YES;
				GCC_WARN_UNUSED_VARIABLE = YES;
				IPHONEOS_DEPLOYMENT_TARGET = 13.5;
				MTL_ENABLE_DEBUG_INFO = INCLUDE_SOURCE;
				MTL_FAST_MATH = YES;
				ONLY_ACTIVE_ARCH = YES;
				SDKROOT = iphoneos;
				SWIFT_ACTIVE_COMPILATION_CONDITIONS = DEBUG;
				SWIFT_OPTIMIZATION_LEVEL = "-Onone";
			};
			name = Debug;
		};
		9F7F45C424B1EA1C001787EB /* Release */ = {
			isa = XCBuildConfiguration;
			buildSettings = {
				ALWAYS_SEARCH_USER_PATHS = NO;
				CLANG_ANALYZER_NONNULL = YES;
				CLANG_ANALYZER_NUMBER_OBJECT_CONVERSION = YES_AGGRESSIVE;
				CLANG_CXX_LANGUAGE_STANDARD = "gnu++14";
				CLANG_CXX_LIBRARY = "libc++";
				CLANG_ENABLE_MODULES = YES;
				CLANG_ENABLE_OBJC_ARC = YES;
				CLANG_ENABLE_OBJC_WEAK = YES;
				CLANG_WARN_BLOCK_CAPTURE_AUTORELEASING = YES;
				CLANG_WARN_BOOL_CONVERSION = YES;
				CLANG_WARN_COMMA = YES;
				CLANG_WARN_CONSTANT_CONVERSION = YES;
				CLANG_WARN_DEPRECATED_OBJC_IMPLEMENTATIONS = YES;
				CLANG_WARN_DIRECT_OBJC_ISA_USAGE = YES_ERROR;
				CLANG_WARN_DOCUMENTATION_COMMENTS = YES;
				CLANG_WARN_EMPTY_BODY = YES;
				CLANG_WARN_ENUM_CONVERSION = YES;
				CLANG_WARN_INFINITE_RECURSION = YES;
				CLANG_WARN_INT_CONVERSION = YES;
				CLANG_WARN_NON_LITERAL_NULL_CONVERSION = YES;
				CLANG_WARN_OBJC_IMPLICIT_RETAIN_SELF = YES;
				CLANG_WARN_OBJC_LITERAL_CONVERSION = YES;
				CLANG_WARN_OBJC_ROOT_CLASS = YES_ERROR;
				CLANG_WARN_RANGE_LOOP_ANALYSIS = YES;
				CLANG_WARN_STRICT_PROTOTYPES = YES;
				CLANG_WARN_SUSPICIOUS_MOVE = YES;
				CLANG_WARN_UNGUARDED_AVAILABILITY = YES_AGGRESSIVE;
				CLANG_WARN_UNREACHABLE_CODE = YES;
				CLANG_WARN__DUPLICATE_METHOD_MATCH = YES;
				COPY_PHASE_STRIP = NO;
				DEBUG_INFORMATION_FORMAT = "dwarf-with-dsym";
				ENABLE_NS_ASSERTIONS = NO;
				ENABLE_STRICT_OBJC_MSGSEND = YES;
				GCC_C_LANGUAGE_STANDARD = gnu11;
				GCC_NO_COMMON_BLOCKS = YES;
				GCC_WARN_64_TO_32_BIT_CONVERSION = YES;
				GCC_WARN_ABOUT_RETURN_TYPE = YES_ERROR;
				GCC_WARN_UNDECLARED_SELECTOR = YES;
				GCC_WARN_UNINITIALIZED_AUTOS = YES_AGGRESSIVE;
				GCC_WARN_UNUSED_FUNCTION = YES;
				GCC_WARN_UNUSED_VARIABLE = YES;
				IPHONEOS_DEPLOYMENT_TARGET = 13.5;
				MTL_ENABLE_DEBUG_INFO = NO;
				MTL_FAST_MATH = YES;
				SDKROOT = iphoneos;
				SWIFT_COMPILATION_MODE = wholemodule;
				SWIFT_OPTIMIZATION_LEVEL = "-O";
				VALIDATE_PRODUCT = YES;
			};
			name = Release;
		};
		9F7F45C624B1EA1C001787EB /* Debug */ = {
			isa = XCBuildConfiguration;
			buildSettings = {
				ASSETCATALOG_COMPILER_APPICON_NAME = AppIcon;
				CODE_SIGN_ENTITLEMENTS = HackerNews/HackerNews.entitlements;
				CODE_SIGN_STYLE = Automatic;
				DEVELOPMENT_ASSET_PATHS = "\"HackerNews/Preview Content\"";
				DEVELOPMENT_TEAM = R89YUVSKU6;
				ENABLE_PREVIEWS = YES;
				INFOPLIST_FILE = HackerNews/Info.plist;
				LD_RUNPATH_SEARCH_PATHS = (
					"$(inherited)",
					"@executable_path/Frameworks",
				);
				PRODUCT_BUNDLE_IDENTIFIER = com.mosariot.HackerNews;
				PRODUCT_NAME = "$(TARGET_NAME)";
				SUPPORTS_MACCATALYST = YES;
				SWIFT_VERSION = 5.0;
				TARGETED_DEVICE_FAMILY = "1,2";
			};
			name = Debug;
		};
		9F7F45C724B1EA1C001787EB /* Release */ = {
			isa = XCBuildConfiguration;
			buildSettings = {
				ASSETCATALOG_COMPILER_APPICON_NAME = AppIcon;
				CODE_SIGN_ENTITLEMENTS = HackerNews/HackerNews.entitlements;
				CODE_SIGN_STYLE = Automatic;
				DEVELOPMENT_ASSET_PATHS = "\"HackerNews/Preview Content\"";
				DEVELOPMENT_TEAM = R89YUVSKU6;
				ENABLE_PREVIEWS = YES;
				INFOPLIST_FILE = HackerNews/Info.plist;
				LD_RUNPATH_SEARCH_PATHS = (
					"$(inherited)",
					"@executable_path/Frameworks",
				);
				PRODUCT_BUNDLE_IDENTIFIER = com.mosariot.HackerNews;
				PRODUCT_NAME = "$(TARGET_NAME)";
				SUPPORTS_MACCATALYST = YES;
				SWIFT_VERSION = 5.0;
				TARGETED_DEVICE_FAMILY = "1,2";
			};
			name = Release;
		};
/* End XCBuildConfiguration section */

/* Begin XCConfigurationList section */
		9F7F45AC24B1EA19001787EB /* Build configuration list for PBXProject "HackerNews" */ = {
			isa = XCConfigurationList;
			buildConfigurations = (
				9F7F45C324B1EA1C001787EB /* Debug */,
				9F7F45C424B1EA1C001787EB /* Release */,
			);
			defaultConfigurationIsVisible = 0;
			defaultConfigurationName = Release;
		};
		9F7F45C524B1EA1C001787EB /* Build configuration list for PBXNativeTarget "HackerNews" */ = {
			isa = XCConfigurationList;
			buildConfigurations = (
				9F7F45C624B1EA1C001787EB /* Debug */,
				9F7F45C724B1EA1C001787EB /* Release */,
			);
			defaultConfigurationIsVisible = 0;
			defaultConfigurationName = Release;
		};
/* End XCConfigurationList section */
	};
	rootObject = 9F7F45A924B1EA19001787EB /* Project object */;
}
